{
  "name": "skele-crew",
  "lockfileVersion": 3,
  "requires": true,
  "packages": {
    "": {
      "dependencies": {
        "@sentry/cloudflare": "^10.43.0"
      }
    },
    "node_modules/@opentelemetry/api": {
      "version": "1.9.0",
      "resolved": "https://registry.npmjs.org/@opentelemetry/api/-/api-1.9.0.tgz",
      "integrity": "sha512-3giAOQvZiH5F9bMlMiv8+GSPMeqg0dbaeo58/0SlA9sxSqZhnUtxzX9/2FzyhS9sWQf5S0GJE0AKBrFqjpeYcg==",
      "license": "Apache-2.0",
      "engines": {
        "node": ">=8.0.0"
      }
    },
    "node_modules/@sentry/cloudflare": {
      "version": "10.43.0",
      "resolved": "https://registry.npmjs.org/@sentry/cloudflare/-/cloudflare-10.43.0.tgz",
      "integrity": "sha512-l0IuXDSLzck++Qyl4IlxrpKO7NVEe0zHXazrnHUAvwM+WPbo1XQ7RwArD67LVTkLmjZjrAc4GZ9gieUkaZWYfg==",
      "license": "MIT",
      "dependencies": {
        "@opentelemetry/api": "^1.9.0",
        "@sentry/core": "10.43.0"
      },
      "engines": {
        "node": ">=18"
      },
      "peerDependencies": {
        "@cloudflare/workers-types": "^4.x"
      },
      "peerDependenciesMeta": {
        "@cloudflare/workers-types": {
          "optional": true
        }
      }
    },
    "node_modules/@sentry/core": {
      "version": "10.43.0",
      "resolved": "https://registry.npmjs.org/@sentry/core/-/core-10.43.0.tgz",
      "integrity": "sha512-l0SszQAPiQGWl/ferw8GP3ALyHXiGiRKJaOvNmhGO+PrTQyZTZ6OYyPnGijAFRg58dE1V3RCH/zw5d2xSUIiNg==",
      "license": "MIT",
      "engines": {
        "node": ">=18"
      }
    }
  }
}
